
Microsoft Visual Studio Solution File, Format Version 12.00
# Visual Studio 14
VisualStudioVersion = 14.0.23107.0
MinimumVisualStudioVersion = 10.0.40219.1
Project("{FAE04EC0-301F-11D3-BF4B-00C04F79EFBC}") = "EsToDoWeb", "EsToDoWeb\EsToDoWeb.csproj", "{8DC3A5E4-C7CC-489E-A8B8-434BD7D7F51A}"
EndProject
Project("{FAE04EC0-301F-11D3-BF4B-00C04F79EFBC}") = "FerkopaUtils", "..\..\Work.old\dev\FerkopaUtils\FerkopaUtils\FerkopaUtils.csproj", "{254271D0-4784-4E48-83F4-17A44F1E8C36}"
EndProject
Global
	GlobalSection(SolutionConfigurationPlatforms) = preSolution
		Debug|Any CPU = Debug|Any CPU
		Release .Net 4|Any CPU = Release .Net 4|Any CPU
		Release|Any CPU = Release|Any CPU
		x64|Any CPU = x64|Any CPU
	EndGlobalSection
	GlobalSection(ProjectConfigurationPlatforms) = postSolution
		{8DC3A5E4-C7CC-489E-A8B8-434BD7D7F51A}.Debug|Any CPU.ActiveCfg = Debug|Any CPU
		{8DC3A5E4-C7CC-489E-A8B8-434BD7D7F51A}.Debug|Any CPU.Build.0 = Debug|Any CPU
		{8DC3A5E4-C7CC-489E-A8B8-434BD7D7F51A}.Release .Net 4|Any CPU.ActiveCfg = Release|Any CPU
		{8DC3A5E4-C7CC-489E-A8B8-434BD7D7F51A}.Release .Net 4|Any CPU.Build.0 = Release|Any CPU
		{8DC3A5E4-C7CC-489E-A8B8-434BD7D7F51A}.Release|Any CPU.ActiveCfg = Release|Any CPU
		{8DC3A5E4-C7CC-489E-A8B8-434BD7D7F51A}.Release|Any CPU.Build.0 = Release|Any CPU
		{8DC3A5E4-C7CC-489E-A8B8-434BD7D7F51A}.x64|Any CPU.ActiveCfg = Release|Any CPU
		{8DC3A5E4-C7CC-489E-A8B8-434BD7D7F51A}.x64|Any CPU.Build.0 = Release|Any CPU
		{254271D0-4784-4E48-83F4-17A44F1E8C36}.Debug|Any CPU.ActiveCfg = Debug|Any CPU
		{254271D0-4784-4E48-83F4-17A44F1E8C36}.Debug|Any CPU.Build.0 = Debug|Any CPU
		{254271D0-4784-4E48-83F4-17A44F1E8C36}.Release .Net 4|Any CPU.ActiveCfg = Release .Net 4|Any CPU
		{254271D0-4784-4E48-83F4-17A44F1E8C36}.Release .Net 4|Any CPU.Build.0 = Release .Net 4|Any CPU
		{254271D0-4784-4E48-83F4-17A44F1E8C36}.Release|Any CPU.ActiveCfg = Release|Any CPU
		{254271D0-4784-4E48-83F4-17A44F1E8C36}.Release|Any CPU.Build.0 = Release|Any CPU
		{254271D0-4784-4E48-83F4-17A44F1E8C36}.x64|Any CPU.ActiveCfg = x64|Any CPU
		{254271D0-4784-4E48-83F4-17A44F1E8C36}.x64|Any CPU.Build.0 = x64|Any CPU
	EndGlobalSection
	GlobalSection(SolutionProperties) = preSolution
		HideSolutionNode = FALSE
	EndGlobalSection
EndGlobal
